
Microsoft Visual Studio Solution File, Format Version 12.00
# Visual Studio 14
VisualStudioVersion = 14.0.25420.1
MinimumVisualStudioVersion = 10.0.40219.1
Project("{FAE04EC0-301F-11D3-BF4B-00C04F79EFBC}") = "MasterDetialPage_MyTest.Android", "MasterDetialPage_MyTest\MasterDetialPage_MyTest.Android\MasterDetialPage_MyTest.Android.csproj", "{86A6F1BF-550F-46C4-9F0B-FAF1FBABD175}"
EndProject
Project("{FAE04EC0-301F-11D3-BF4B-00C04F79EFBC}") = "MasterDetialPage_MyTest", "MasterDetialPage_MyTest\MasterDetialPage_MyTest\MasterDetialPage_MyTest.csproj", "{6267F84E-4F23-4E12-94EF-BC6F49E4452C}"
EndProject
Project("{FAE04EC0-301F-11D3-BF4B-00C04F79EFBC}") = "MasterDetialPage_MyTest.UWP", "MasterDetialPage_MyTest\MasterDetialPage_MyTest.UWP\MasterDetialPage_MyTest.UWP.csproj", "{3471673B-A844-4BBA-9136-80AE8AE22A19}"
EndProject
Project("{FAE04EC0-301F-11D3-BF4B-00C04F79EFBC}") = "MasterDetialPage_MyTest.iOS", "MasterDetialPage_MyTest\MasterDetialPage_MyTest.iOS\MasterDetialPage_MyTest.iOS.csproj", "{078D55BD-575C-46BE-B20F-21C024D711A8}"
EndProject
Global
	GlobalSection(SolutionConfigurationPlatforms) = preSolution
		Ad-Hoc|Any CPU = Ad-Hoc|Any CPU
		Ad-Hoc|ARM = Ad-Hoc|ARM
		Ad-Hoc|iPhone = Ad-Hoc|iPhone
		Ad-Hoc|iPhoneSimulator = Ad-Hoc|iPhoneSimulator
		Ad-Hoc|x64 = Ad-Hoc|x64
		Ad-Hoc|x86 = Ad-Hoc|x86
		AppStore|Any CPU = AppStore|Any CPU
		AppStore|ARM = AppStore|ARM
		AppStore|iPhone = AppStore|iPhone
		AppStore|iPhoneSimulator = AppStore|iPhoneSimulator
		AppStore|x64 = AppStore|x64
		AppStore|x86 = AppStore|x86
		Debug|Any CPU = Debug|Any CPU
		Debug|ARM = Debug|ARM
		Debug|iPhone = Debug|iPhone
		Debug|iPhoneSimulator = Debug|iPhoneSimulator
		Debug|x64 = Debug|x64
		Debug|x86 = Debug|x86
		Release|Any CPU = Release|Any CPU
		Release|ARM = Release|ARM
		Release|iPhone = Release|iPhone
		Release|iPhoneSimulator = Release|iPhoneSimulator
		Release|x64 = Release|x64
		Release|x86 = Release|x86
	EndGlobalSection
	GlobalSection(ProjectConfigurationPlatforms) = postSolution
		{86A6F1BF-550F-46C4-9F0B-FAF1FBABD175}.Ad-Hoc|Any CPU.ActiveCfg = Release|Any CPU
		{86A6F1BF-550F-46C4-9F0B-FAF1FBABD175}.Ad-Hoc|Any CPU.Build.0 = Release|Any CPU
		{86A6F1BF-550F-46C4-9F0B-FAF1FBABD175}.Ad-Hoc|Any CPU.Deploy.0 = Release|Any CPU
		{86A6F1BF-550F-46C4-9F0B-FAF1FBABD175}.Ad-Hoc|ARM.ActiveCfg = Release|Any CPU
		{86A6F1BF-550F-46C4-9F0B-FAF1FBABD175}.Ad-Hoc|ARM.Build.0 = Release|Any CPU
		{86A6F1BF-550F-46C4-9F0B-FAF1FBABD175}.Ad-Hoc|ARM.Deploy.0 = Release|Any CPU
		{86A6F1BF-550F-46C4-9F0B-FAF1FBABD175}.Ad-Hoc|iPhone.ActiveCfg = Release|Any CPU
		{86A6F1BF-550F-46C4-9F0B-FAF1FBABD175}.Ad-Hoc|iPhone.Build.0 = Release|Any CPU
		{86A6F1BF-550F-46C4-9F0B-FAF1FBABD175}.Ad-Hoc|iPhone.Deploy.0 = Release|Any CPU
		{86A6F1BF-550F-46C4-9F0B-FAF1FBABD175}.Ad-Hoc|iPhoneSimulator.ActiveCfg = Release|Any CPU
		{86A6F1BF-550F-46C4-9F0B-FAF1FBABD175}.Ad-Hoc|iPhoneSimulator.Build.0 = Release|Any CPU
		{86A6F1BF-550F-46C4-9F0B-FAF1FBABD175}.Ad-Hoc|iPhoneSimulator.Deploy.0 = Release|Any CPU
		{86A6F1BF-550F-46C4-9F0B-FAF1FBABD175}.Ad-Hoc|x64.ActiveCfg = Release|Any CPU
		{86A6F1BF-550F-46C4-9F0B-FAF1FBABD175}.Ad-Hoc|x64.Build.0 = Release|Any CPU
		{86A6F1BF-550F-46C4-9F0B-FAF1FBABD175}.Ad-Hoc|x64.Deploy.0 = Release|Any CPU
		{86A6F1BF-550F-46C4-9F0B-FAF1FBABD175}.Ad-Hoc|x86.ActiveCfg = Release|Any CPU
		{86A6F1BF-550F-46C4-9F0B-FAF1FBABD175}.Ad-Hoc|x86.Build.0 = Release|Any CPU
		{86A6F1BF-550F-46C4-9F0B-FAF1FBABD175}.Ad-Hoc|x86.Deploy.0 = Release|Any CPU
		{86A6F1BF-550F-46C4-9F0B-FAF1FBABD175}.AppStore|Any CPU.ActiveCfg = Release|Any CPU
		{86A6F1BF-550F-46C4-9F0B-FAF1FBABD175}.AppStore|Any CPU.Build.0 = Release|Any CPU
		{86A6F1BF-550F-46C4-9F0B-FAF1FBABD175}.AppStore|Any CPU.Deploy.0 = Release|Any CPU
		{86A6F1BF-550F-46C4-9F0B-FAF1FBABD175}.AppStore|ARM.ActiveCfg = Release|Any CPU
		{86A6F1BF-550F-46C4-9F0B-FAF1FBABD175}.AppStore|ARM.Build.0 = Release|Any CPU
		{86A6F1BF-550F-46C4-9F0B-FAF1FBABD175}.AppStore|ARM.Deploy.0 = Release|Any CPU
		{86A6F1BF-550F-46C4-9F0B-FAF1FBABD175}.AppStore|iPhone.ActiveCfg = Release|Any CPU
		{86A6F1BF-550F-46C4-9F0B-FAF1FBABD175}.AppStore|iPhone.Build.0 = Release|Any CPU
		{86A6F1BF-550F-46C4-9F0B-FAF1FBABD175}.AppStore|iPhone.Deploy.0 = Release|Any CPU
		{86A6F1BF-550F-46C4-9F0B-FAF1FBABD175}.AppStore|iPhoneSimulator.ActiveCfg = Release|Any CPU
		{86A6F1BF-550F-46C4-9F0B-FAF1FBABD175}.AppStore|iPhoneSimulator.Build.0 = Release|Any CPU
		{86A6F1BF-550F-46C4-9F0B-FAF1FBABD175}.AppStore|iPhoneSimulator.Deploy.0 = Release|Any CPU
		{86A6F1BF-550F-46C4-9F0B-FAF1FBABD175}.AppStore|x64.ActiveCfg = Release|Any CPU
		{86A6F1BF-550F-46C4-9F0B-FAF1FBABD175}.AppStore|x64.Build.0 = Release|Any CPU
		{86A6F1BF-550F-46C4-9F0B-FAF1FBABD175}.AppStore|x64.Deploy.0 = Release|Any CPU
		{86A6F1BF-550F-46C4-9F0B-FAF1FBABD175}.AppStore|x86.ActiveCfg = Release|Any CPU
		{86A6F1BF-550F-46C4-9F0B-FAF1FBABD175}.AppStore|x86.Build.0 = Release|Any CPU
		{86A6F1BF-550F-46C4-9F0B-FAF1FBABD175}.AppStore|x86.Deploy.0 = Release|Any CPU
		{86A6F1BF-550F-46C4-9F0B-FAF1FBABD175}.Debug|Any CPU.ActiveCfg = Debug|Any CPU
		{86A6F1BF-550F-46C4-9F0B-FAF1FBABD175}.Debug|Any CPU.Build.0 = Debug|Any CPU
		{86A6F1BF-550F-46C4-9F0B-FAF1FBABD175}.Debug|Any CPU.Deploy.0 = Debug|Any CPU
		{86A6F1BF-550F-46C4-9F0B-FAF1FBABD175}.Debug|ARM.ActiveCfg = Debug|Any CPU
		{86A6F1BF-550F-46C4-9F0B-FAF1FBABD175}.Debug|ARM.Build.0 = Debug|Any CPU
		{86A6F1BF-550F-46C4-9F0B-FAF1FBABD175}.Debug|ARM.Deploy.0 = Debug|Any CPU
		{86A6F1BF-550F-46C4-9F0B-FAF1FBABD175}.Debug|iPhone.ActiveCfg = Debug|Any CPU
		{86A6F1BF-550F-46C4-9F0B-FAF1FBABD175}.Debug|iPhone.Build.0 = Debug|Any CPU
		{86A6F1BF-550F-46C4-9F0B-FAF1FBABD175}.Debug|iPhone.Deploy.0 = Debug|Any CPU
		{86A6F1BF-550F-46C4-9F0B-FAF1FBABD175}.Debug|iPhoneSimulator.ActiveCfg = Debug|Any CPU
		{86A6F1BF-550F-46C4-9F0B-FAF1FBABD175}.Debug|iPhoneSimulator.Build.0 = Debug|Any CPU
		{86A6F1BF-550F-46C4-9F0B-FAF1FBABD175}.Debug|iPhoneSimulator.Deploy.0 = Debug|Any CPU
		{86A6F1BF-550F-46C4-9F0B-FAF1FBABD175}.Debug|x64.ActiveCfg = Debug|Any CPU
		{86A6F1BF-550F-46C4-9F0B-FAF1FBABD175}.Debug|x64.Build.0 = Debug|Any CPU
		{86A6F1BF-550F-46C4-9F0B-FAF1FBABD175}.Debug|x64.Deploy.0 = Debug|Any CPU
		{86A6F1BF-550F-46C4-9F0B-FAF1FBABD175}.Debug|x86.ActiveCfg = Debug|Any CPU
		{86A6F1BF-550F-46C4-9F0B-FAF1FBABD175}.Debug|x86.Build.0 = Debug|Any CPU
		{86A6F1BF-550F-46C4-9F0B-FAF1FBABD175}.Debug|x86.Deploy.0 = Debug|Any CPU
		{86A6F1BF-550F-46C4-9F0B-FAF1FBABD175}.Release|Any CPU.ActiveCfg = Release|Any CPU
		{86A6F1BF-550F-46C4-9F0B-FAF1FBABD175}.Release|Any CPU.Build.0 = Release|Any CPU
		{86A6F1BF-550F-46C4-9F0B-FAF1FBABD175}.Release|Any CPU.Deploy.0 = Release|Any CPU
		{86A6F1BF-550F-46C4-9F0B-FAF1FBABD175}.Release|ARM.ActiveCfg = Release|Any CPU
		{86A6F1BF-550F-46C4-9F0B-FAF1FBABD175}.Release|ARM.Build.0 = Release|Any CPU
		{86A6F1BF-550F-46C4-9F0B-FAF1FBABD175}.Release|ARM.Deploy.0 = Release|Any CPU
		{86A6F1BF-550F-46C4-9F0B-FAF1FBABD175}.Release|iPhone.ActiveCfg = Release|Any CPU
		{86A6F1BF-550F-46C4-9F0B-FAF1FBABD175}.Release|iPhone.Build.0 = Release|Any CPU
		{86A6F1BF-550F-46C4-9F0B-FAF1FBABD175}.Release|iPhone.Deploy.0 = Release|Any CPU
		{86A6F1BF-550F-46C4-9F0B-FAF1FBABD175}.Release|iPhoneSimulator.ActiveCfg = Release|Any CPU
		{86A6F1BF-550F-46C4-9F0B-FAF1FBABD175}.Release|iPhoneSimulator.Build.0 = Release|Any CPU
		{86A6F1BF-550F-46C4-9F0B-FAF1FBABD175}.Release|iPhoneSimulator.Deploy.0 = Release|Any CPU
		{86A6F1BF-550F-46C4-9F0B-FAF1FBABD175}.Release|x64.ActiveCfg = Release|Any CPU
		{86A6F1BF-550F-46C4-9F0B-FAF1FBABD175}.Release|x64.Build.0 = Release|Any CPU
		{86A6F1BF-550F-46C4-9F0B-FAF1FBABD175}.Release|x64.Deploy.0 = Release|Any CPU
		{86A6F1BF-550F-46C4-9F0B-FAF1FBABD175}.Release|x86.ActiveCfg = Release|Any CPU
		{86A6F1BF-550F-46C4-9F0B-FAF1FBABD175}.Release|x86.Build.0 = Release|Any CPU
		{86A6F1BF-550F-46C4-9F0B-FAF1FBABD175}.Release|x86.Deploy.0 = Release|Any CPU
		{6267F84E-4F23-4E12-94EF-BC6F49E4452C}.Ad-Hoc|Any CPU.ActiveCfg = Release|Any CPU
		{6267F84E-4F23-4E12-94EF-BC6F49E4452C}.Ad-Hoc|Any CPU.Build.0 = Release|Any CPU
		{6267F84E-4F23-4E12-94EF-BC6F49E4452C}.Ad-Hoc|ARM.ActiveCfg = Release|Any CPU
		{6267F84E-4F23-4E12-94EF-BC6F49E4452C}.Ad-Hoc|ARM.Build.0 = Release|Any CPU
		{6267F84E-4F23-4E12-94EF-BC6F49E4452C}.Ad-Hoc|iPhone.ActiveCfg = Release|Any CPU
		{6267F84E-4F23-4E12-94EF-BC6F49E4452C}.Ad-Hoc|iPhone.Build.0 = Release|Any CPU
		{6267F84E-4F23-4E12-94EF-BC6F49E4452C}.Ad-Hoc|iPhoneSimulator.ActiveCfg = Release|Any CPU
		{6267F84E-4F23-4E12-94EF-BC6F49E4452C}.Ad-Hoc|iPhoneSimulator.Build.0 = Release|Any CPU
		{6267F84E-4F23-4E12-94EF-BC6F49E4452C}.Ad-Hoc|x64.ActiveCfg = Release|Any CPU
		{6267F84E-4F23-4E12-94EF-BC6F49E4452C}.Ad-Hoc|x64.Build.0 = Release|Any CPU
		{6267F84E-4F23-4E12-94EF-BC6F49E4452C}.Ad-Hoc|x86.ActiveCfg = Release|Any CPU
		{6267F84E-4F23-4E12-94EF-BC6F49E4452C}.Ad-Hoc|x86.Build.0 = Release|Any CPU
		{6267F84E-4F23-4E12-94EF-BC6F49E4452C}.AppStore|Any CPU.ActiveCfg = Release|Any CPU
		{6267F84E-4F23-4E12-94EF-BC6F49E4452C}.AppStore|Any CPU.Build.0 = Release|Any CPU
		{6267F84E-4F23-4E12-94EF-BC6F49E4452C}.AppStore|ARM.ActiveCfg = Release|Any CPU
		{6267F84E-4F23-4E12-94EF-BC6F49E4452C}.AppStore|ARM.Build.0 = Release|Any CPU
		{6267F84E-4F23-4E12-94EF-BC6F49E4452C}.AppStore|iPhone.ActiveCfg = Release|Any CPU
		{6267F84E-4F23-4E12-94EF-BC6F49E4452C}.AppStore|iPhone.Build.0 = Release|Any CPU
		{6267F84E-4F23-4E12-94EF-BC6F49E4452C}.AppStore|iPhoneSimulator.ActiveCfg = Release|Any CPU
		{6267F84E-4F23-4E12-94EF-BC6F49E4452C}.AppStore|iPhoneSimulator.Build.0 = Release|Any CPU
		{6267F84E-4F23-4E12-94EF-BC6F49E4452C}.AppStore|x64.ActiveCfg = Release|Any CPU
		{6267F84E-4F23-4E12-94EF-BC6F49E4452C}.AppStore|x64.Build.0 = Release|Any CPU
		{6267F84E-4F23-4E12-94EF-BC6F49E4452C}.AppStore|x86.ActiveCfg = Release|Any CPU
		{6267F84E-4F23-4E12-94EF-BC6F49E4452C}.AppStore|x86.Build.0 = Release|Any CPU
		{6267F84E-4F23-4E12-94EF-BC6F49E4452C}.Debug|Any CPU.ActiveCfg = Debug|Any CPU
		{6267F84E-4F23-4E12-94EF-BC6F49E4452C}.Debug|Any CPU.Build.0 = Debug|Any CPU
		{6267F84E-4F23-4E12-94EF-BC6F49E4452C}.Debug|ARM.ActiveCfg = Debug|Any CPU
		{6267F84E-4F23-4E12-94EF-BC6F49E4452C}.Debug|ARM.Build.0 = Debug|Any CPU
		{6267F84E-4F23-4E12-94EF-BC6F49E4452C}.Debug|iPhone.ActiveCfg = Debug|Any CPU
		{6267F84E-4F23-4E12-94EF-BC6F49E4452C}.Debug|iPhone.Build.0 = Debug|Any CPU
		{6267F84E-4F23-4E12-94EF-BC6F49E4452C}.Debug|iPhoneSimulator.ActiveCfg = Debug|Any CPU
		{6267F84E-4F23-4E12-94EF-BC6F49E4452C}.Debug|iPhoneSimulator.Build.0 = Debug|Any CPU
		{6267F84E-4F23-4E12-94EF-BC6F49E4452C}.Debug|x64.ActiveCfg = Debug|Any CPU
		{6267F84E-4F23-4E12-94EF-BC6F49E4452C}.Debug|x64.Build.0 = Debug|Any CPU
		{6267F84E-4F23-4E12-94EF-BC6F49E4452C}.Debug|x86.ActiveCfg = Debug|Any CPU
		{6267F84E-4F23-4E12-94EF-BC6F49E4452C}.Debug|x86.Build.0 = Debug|Any CPU
		{6267F84E-4F23-4E12-94EF-BC6F49E4452C}.Release|Any CPU.ActiveCfg = Release|Any CPU
		{6267F84E-4F23-4E12-94EF-BC6F49E4452C}.Release|Any CPU.Build.0 = Release|Any CPU
		{6267F84E-4F23-4E12-94EF-BC6F49E4452C}.Release|ARM.ActiveCfg = Release|Any CPU
		{6267F84E-4F23-4E12-94EF-BC6F49E4452C}.Release|ARM.Build.0 = Release|Any CPU
		{6267F84E-4F23-4E12-94EF-BC6F49E4452C}.Release|iPhone.ActiveCfg = Release|Any CPU
		{6267F84E-4F23-4E12-94EF-BC6F49E4452C}.Release|iPhone.Build.0 = Release|Any CPU
		{6267F84E-4F23-4E12-94EF-BC6F49E4452C}.Release|iPhoneSimulator.ActiveCfg = Release|Any CPU
		{6267F84E-4F23-4E12-94EF-BC6F49E4452C}.Release|iPhoneSimulator.Build.0 = Release|Any CPU
		{6267F84E-4F23-4E12-94EF-BC6F49E4452C}.Release|x64.ActiveCfg = Release|Any CPU
		{6267F84E-4F23-4E12-94EF-BC6F49E4452C}.Release|x64.Build.0 = Release|Any CPU
		{6267F84E-4F23-4E12-94EF-BC6F49E4452C}.Release|x86.ActiveCfg = Release|Any CPU
		{6267F84E-4F23-4E12-94EF-BC6F49E4452C}.Release|x86.Build.0 = Release|Any CPU
		{3471673B-A844-4BBA-9136-80AE8AE22A19}.Ad-Hoc|Any CPU.ActiveCfg = Release|x86
		{3471673B-A844-4BBA-9136-80AE8AE22A19}.Ad-Hoc|Any CPU.Build.0 = Release|x86
		{3471673B-A844-4BBA-9136-80AE8AE22A19}.Ad-Hoc|Any CPU.Deploy.0 = Release|x86
		{3471673B-A844-4BBA-9136-80AE8AE22A19}.Ad-Hoc|ARM.ActiveCfg = Release|ARM
		{3471673B-A844-4BBA-9136-80AE8AE22A19}.Ad-Hoc|ARM.Build.0 = Release|ARM
		{3471673B-A844-4BBA-9136-80AE8AE22A19}.Ad-Hoc|ARM.Deploy.0 = Release|ARM
		{3471673B-A844-4BBA-9136-80AE8AE22A19}.Ad-Hoc|iPhone.ActiveCfg = Release|x86
		{3471673B-A844-4BBA-9136-80AE8AE22A19}.Ad-Hoc|iPhone.Build.0 = Release|x86
		{3471673B-A844-4BBA-9136-80AE8AE22A19}.Ad-Hoc|iPhone.Deploy.0 = Release|x86
		{3471673B-A844-4BBA-9136-80AE8AE22A19}.Ad-Hoc|iPhoneSimulator.ActiveCfg = Release|x86
		{3471673B-A844-4BBA-9136-80AE8AE22A19}.Ad-Hoc|iPhoneSimulator.Build.0 = Release|x86
		{3471673B-A844-4BBA-9136-80AE8AE22A19}.Ad-Hoc|iPhoneSimulator.Deploy.0 = Release|x86
		{3471673B-A844-4BBA-9136-80AE8AE22A19}.Ad-Hoc|x64.ActiveCfg = Release|x64
		{3471673B-A844-4BBA-9136-80AE8AE22A19}.Ad-Hoc|x64.Build.0 = Release|x64
		{3471673B-A844-4BBA-9136-80AE8AE22A19}.Ad-Hoc|x64.Deploy.0 = Release|x64
		{3471673B-A844-4BBA-9136-80AE8AE22A19}.Ad-Hoc|x86.ActiveCfg = Release|x86
		{3471673B-A844-4BBA-9136-80AE8AE22A19}.Ad-Hoc|x86.Build.0 = Release|x86
		{3471673B-A844-4BBA-9136-80AE8AE22A19}.Ad-Hoc|x86.Deploy.0 = Release|x86
		{3471673B-A844-4BBA-9136-80AE8AE22A19}.AppStore|Any CPU.ActiveCfg = Release|x86
		{3471673B-A844-4BBA-9136-80AE8AE22A19}.AppStore|Any CPU.Build.0 = Release|x86
		{3471673B-A844-4BBA-9136-80AE8AE22A19}.AppStore|Any CPU.Deploy.0 = Release|x86
		{3471673B-A844-4BBA-9136-80AE8AE22A19}.AppStore|ARM.ActiveCfg = Release|ARM
		{3471673B-A844-4BBA-9136-80AE8AE22A19}.AppStore|ARM.Build.0 = Release|ARM
		{3471673B-A844-4BBA-9136-80AE8AE22A19}.AppStore|ARM.Deploy.0 = Release|ARM
		{3471673B-A844-4BBA-9136-80AE8AE22A19}.AppStore|iPhone.ActiveCfg = Release|x86
		{3471673B-A844-4BBA-9136-80AE8AE22A19}.AppStore|iPhone.Build.0 = Release|x86
		{3471673B-A844-4BBA-9136-80AE8AE22A19}.AppStore|iPhone.Deploy.0 = Release|x86
		{3471673B-A844-4BBA-9136-80AE8AE22A19}.AppStore|iPhoneSimulator.ActiveCfg = Release|x86
		{3471673B-A844-4BBA-9136-80AE8AE22A19}.AppStore|iPhoneSimulator.Build.0 = Release|x86
		{3471673B-A844-4BBA-9136-80AE8AE22A19}.AppStore|iPhoneSimulator.Deploy.0 = Release|x86
		{3471673B-A844-4BBA-9136-80AE8AE22A19}.AppStore|x64.ActiveCfg = Release|x64
		{3471673B-A844-4BBA-9136-80AE8AE22A19}.AppStore|x64.Build.0 = Release|x64
		{3471673B-A844-4BBA-9136-80AE8AE22A19}.AppStore|x64.Deploy.0 = Release|x64
		{3471673B-A844-4BBA-9136-80AE8AE22A19}.AppStore|x86.ActiveCfg = Release|x86
		{3471673B-A844-4BBA-9136-80AE8AE22A19}.AppStore|x86.Build.0 = Release|x86
		{3471673B-A844-4BBA-9136-80AE8AE22A19}.AppStore|x86.Deploy.0 = Release|x86
		{3471673B-A844-4BBA-9136-80AE8AE22A19}.Debug|Any CPU.ActiveCfg = Debug|x86
		{3471673B-A844-4BBA-9136-80AE8AE22A19}.Debug|ARM.ActiveCfg = Debug|ARM
		{3471673B-A844-4BBA-9136-80AE8AE22A19}.Debug|ARM.Build.0 = Debug|ARM
		{3471673B-A844-4BBA-9136-80AE8AE22A19}.Debug|ARM.Deploy.0 = Debug|ARM
		{3471673B-A844-4BBA-9136-80AE8AE22A19}.Debug|iPhone.ActiveCfg = Debug|x86
		{3471673B-A844-4BBA-9136-80AE8AE22A19}.Debug|iPhoneSimulator.ActiveCfg = Debug|x86
		{3471673B-A844-4BBA-9136-80AE8AE22A19}.Debug|x64.ActiveCfg = Debug|x64
		{3471673B-A844-4BBA-9136-80AE8AE22A19}.Debug|x64.Build.0 = Debug|x64
		{3471673B-A844-4BBA-9136-80AE8AE22A19}.Debug|x64.Deploy.0 = Debug|x64
		{3471673B-A844-4BBA-9136-80AE8AE22A19}.Debug|x86.ActiveCfg = Debug|x86
		{3471673B-A844-4BBA-9136-80AE8AE22A19}.Debug|x86.Build.0 = Debug|x86
		{3471673B-A844-4BBA-9136-80AE8AE22A19}.Debug|x86.Deploy.0 = Debug|x86
		{3471673B-A844-4BBA-9136-80AE8AE22A19}.Release|Any CPU.ActiveCfg = Release|x86
		{3471673B-A844-4BBA-9136-80AE8AE22A19}.Release|ARM.ActiveCfg = Release|ARM
		{3471673B-A844-4BBA-9136-80AE8AE22A19}.Release|ARM.Build.0 = Release|ARM
		{3471673B-A844-4BBA-9136-80AE8AE22A19}.Release|ARM.Deploy.0 = Release|ARM
		{3471673B-A844-4BBA-9136-80AE8AE22A19}.Release|iPhone.ActiveCfg = Release|x86
		{3471673B-A844-4BBA-9136-80AE8AE22A19}.Release|iPhoneSimulator.ActiveCfg = Release|x86
		{3471673B-A844-4BBA-9136-80AE8AE22A19}.Release|x64.ActiveCfg = Release|x64
		{3471673B-A844-4BBA-9136-80AE8AE22A19}.Release|x64.Build.0 = Release|x64
		{3471673B-A844-4BBA-9136-80AE8AE22A19}.Release|x64.Deploy.0 = Release|x64
		{3471673B-A844-4BBA-9136-80AE8AE22A19}.Release|x86.ActiveCfg = Release|x86
		{3471673B-A844-4BBA-9136-80AE8AE22A19}.Release|x86.Build.0 = Release|x86
		{3471673B-A844-4BBA-9136-80AE8AE22A19}.Release|x86.Deploy.0 = Release|x86
		{078D55BD-575C-46BE-B20F-21C024D711A8}.Ad-Hoc|Any CPU.ActiveCfg = Ad-Hoc|iPhone
		{078D55BD-575C-46BE-B20F-21C024D711A8}.Ad-Hoc|ARM.ActiveCfg = Ad-Hoc|iPhone
		{078D55BD-575C-46BE-B20F-21C024D711A8}.Ad-Hoc|iPhone.ActiveCfg = Ad-Hoc|iPhone
		{078D55BD-575C-46BE-B20F-21C024D711A8}.Ad-Hoc|iPhone.Build.0 = Ad-Hoc|iPhone
		{078D55BD-575C-46BE-B20F-21C024D711A8}.Ad-Hoc|iPhoneSimulator.ActiveCfg = Ad-Hoc|iPhoneSimulator
		{078D55BD-575C-46BE-B20F-21C024D711A8}.Ad-Hoc|iPhoneSimulator.Build.0 = Ad-Hoc|iPhoneSimulator
		{078D55BD-575C-46BE-B20F-21C024D711A8}.Ad-Hoc|x64.ActiveCfg = Ad-Hoc|iPhone
		{078D55BD-575C-46BE-B20F-21C024D711A8}.Ad-Hoc|x86.ActiveCfg = Ad-Hoc|iPhone
		{078D55BD-575C-46BE-B20F-21C024D711A8}.AppStore|Any CPU.ActiveCfg = AppStore|iPhone
		{078D55BD-575C-46BE-B20F-21C024D711A8}.AppStore|ARM.ActiveCfg = AppStore|iPhone
		{078D55BD-575C-46BE-B20F-21C024D711A8}.AppStore|iPhone.ActiveCfg = AppStore|iPhone
		{078D55BD-575C-46BE-B20F-21C024D711A8}.AppStore|iPhone.Build.0 = AppStore|iPhone
		{078D55BD-575C-46BE-B20F-21C024D711A8}.AppStore|iPhoneSimulator.ActiveCfg = AppStore|iPhoneSimulator
		{078D55BD-575C-46BE-B20F-21C024D711A8}.AppStore|iPhoneSimulator.Build.0 = AppStore|iPhoneSimulator
		{078D55BD-575C-46BE-B20F-21C024D711A8}.AppStore|x64.ActiveCfg = AppStore|iPhone
		{078D55BD-575C-46BE-B20F-21C024D711A8}.AppStore|x86.ActiveCfg = AppStore|iPhone
		{078D55BD-575C-46BE-B20F-21C024D711A8}.Debug|Any CPU.ActiveCfg = Debug|iPhone
		{078D55BD-575C-46BE-B20F-21C024D711A8}.Debug|ARM.ActiveCfg = Debug|iPhone
		{078D55BD-575C-46BE-B20F-21C024D711A8}.Debug|iPhone.ActiveCfg = Debug|iPhone
		{078D55BD-575C-46BE-B20F-21C024D711A8}.Debug|iPhone.Build.0 = Debug|iPhone
		{078D55BD-575C-46BE-B20F-21C024D711A8}.Debug|iPhoneSimulator.ActiveCfg = Debug|iPhoneSimulator
		{078D55BD-575C-46BE-B20F-21C024D711A8}.Debug|iPhoneSimulator.Build.0 = Debug|iPhoneSimulator
		{078D55BD-575C-46BE-B20F-21C024D711A8}.Debug|x64.ActiveCfg = Debug|iPhone
		{078D55BD-575C-46BE-B20F-21C024D711A8}.Debug|x86.ActiveCfg = Debug|iPhone
		{078D55BD-575C-46BE-B20F-21C024D711A8}.Release|Any CPU.ActiveCfg = Release|iPhone
		{078D55BD-575C-46BE-B20F-21C024D711A8}.Release|ARM.ActiveCfg = Release|iPhone
		{078D55BD-575C-46BE-B20F-21C024D711A8}.Release|iPhone.ActiveCfg = Release|iPhone
		{078D55BD-575C-46BE-B20F-21C024D711A8}.Release|iPhone.Build.0 = Release|iPhone
		{078D55BD-575C-46BE-B20F-21C024D711A8}.Release|iPhoneSimulator.ActiveCfg = Release|iPhoneSimulator
		{078D55BD-575C-46BE-B20F-21C024D711A8}.Release|iPhoneSimulator.Build.0 = Release|iPhoneSimulator
		{078D55BD-575C-46BE-B20F-21C024D711A8}.Release|x64.ActiveCfg = Release|iPhone
		{078D55BD-575C-46BE-B20F-21C024D711A8}.Release|x86.ActiveCfg = Release|iPhone
	EndGlobalSection
	GlobalSection(SolutionProperties) = preSolution
		HideSolutionNode = FALSE
	EndGlobalSection
EndGlobal
